
Microsoft Visual Studio Solution File, Format Version 12.00
# Visual Studio Version 17
VisualStudioVersion = 17.13.35931.197
MinimumVisualStudioVersion = 10.0.40219.1
Project("{FAE04EC0-301F-11D3-BF4B-00C04F79EFBC}") = "OpenSilverAndAspire.Browser", "OpenSilverAndAspire.Browser\OpenSilverAndAspire.Browser.csproj", "{FD4226D8-D353-48AD-8D39-51D0870C7EEB}"
EndProject
Project("{FAE04EC0-301F-11D3-BF4B-00C04F79EFBC}") = "OpenSilverAndAspire", "OpenSilverAndAspire\OpenSilverAndAspire.csproj", "{E9C6D969-E091-443F-BB8E-E5FC400050A1}"
EndProject
Project("{FAE04EC0-301F-11D3-BF4B-00C04F79EFBC}") = "OpenSilverAndAspire.AppHost", "OpenSilverAndAspire.AppHost\OpenSilverAndAspire.AppHost.csproj", "{D5FE77AB-072E-F116-4339-4C29571063A7}"
EndProject
Project("{FAE04EC0-301F-11D3-BF4B-00C04F79EFBC}") = "OpenSilverAndAspire.ServiceDefaults", "OpenSilverAndAspire.ServiceDefaults\OpenSilverAndAspire.ServiceDefaults.csproj", "{2F0B44AA-FC48-3B0C-090A-5E37504DD69B}"
EndProject
Project("{FAE04EC0-301F-11D3-BF4B-00C04F79EFBC}") = "OpenSilverAndAspire.ApiService", "OpenSilverAndAspire.ApiService\OpenSilverAndAspire.ApiService.csproj", "{C6BFD47D-7A99-46A3-A1CF-7EA951373AE5}"
EndProject
Project("{FAE04EC0-301F-11D3-BF4B-00C04F79EFBC}") = "OpenSilverAndAspire.WasmHost", "OpenSilverAndAspire.WasmHost\OpenSilverAndAspire.WasmHost.csproj", "{605CDF2B-481B-83CF-4DA6-C6A419D11AF6}"
EndProject
Global
	GlobalSection(SolutionConfigurationPlatforms) = preSolution
		Debug|Any CPU = Debug|Any CPU
		Debug|x64 = Debug|x64
		Debug|x86 = Debug|x86
		Release|Any CPU = Release|Any CPU
		Release|x64 = Release|x64
		Release|x86 = Release|x86
	EndGlobalSection
	GlobalSection(ProjectConfigurationPlatforms) = postSolution
		{FD4226D8-D353-48AD-8D39-51D0870C7EEB}.Debug|Any CPU.ActiveCfg = Debug|Any CPU
		{FD4226D8-D353-48AD-8D39-51D0870C7EEB}.Debug|Any CPU.Build.0 = Debug|Any CPU
		{FD4226D8-D353-48AD-8D39-51D0870C7EEB}.Debug|x64.ActiveCfg = Debug|Any CPU
		{FD4226D8-D353-48AD-8D39-51D0870C7EEB}.Debug|x64.Build.0 = Debug|Any CPU
		{FD4226D8-D353-48AD-8D39-51D0870C7EEB}.Debug|x86.ActiveCfg = Debug|Any CPU
		{FD4226D8-D353-48AD-8D39-51D0870C7EEB}.Debug|x86.Build.0 = Debug|Any CPU
		{FD4226D8-D353-48AD-8D39-51D0870C7EEB}.Release|Any CPU.ActiveCfg = Release|Any CPU
		{FD4226D8-D353-48AD-8D39-51D0870C7EEB}.Release|Any CPU.Build.0 = Release|Any CPU
		{FD4226D8-D353-48AD-8D39-51D0870C7EEB}.Release|x64.ActiveCfg = Release|Any CPU
		{FD4226D8-D353-48AD-8D39-51D0870C7EEB}.Release|x64.Build.0 = Release|Any CPU
		{FD4226D8-D353-48AD-8D39-51D0870C7EEB}.Release|x86.ActiveCfg = Release|Any CPU
		{FD4226D8-D353-48AD-8D39-51D0870C7EEB}.Release|x86.Build.0 = Release|Any CPU
		{E9C6D969-E091-443F-BB8E-E5FC400050A1}.Debug|Any CPU.ActiveCfg = Debug|Any CPU
		{E9C6D969-E091-443F-BB8E-E5FC400050A1}.Debug|Any CPU.Build.0 = Debug|Any CPU
		{E9C6D969-E091-443F-BB8E-E5FC400050A1}.Debug|x64.ActiveCfg = Debug|Any CPU
		{E9C6D969-E091-443F-BB8E-E5FC400050A1}.Debug|x64.Build.0 = Debug|Any CPU
		{E9C6D969-E091-443F-BB8E-E5FC400050A1}.Debug|x86.ActiveCfg = Debug|Any CPU
		{E9C6D969-E091-443F-BB8E-E5FC400050A1}.Debug|x86.Build.0 = Debug|Any CPU
		{E9C6D969-E091-443F-BB8E-E5FC400050A1}.Release|Any CPU.ActiveCfg = Release|Any CPU
		{E9C6D969-E091-443F-BB8E-E5FC400050A1}.Release|Any CPU.Build.0 = Release|Any CPU
		{E9C6D969-E091-443F-BB8E-E5FC400050A1}.Release|x64.ActiveCfg = Release|Any CPU
		{E9C6D969-E091-443F-BB8E-E5FC400050A1}.Release|x64.Build.0 = Release|Any CPU
		{E9C6D969-E091-443F-BB8E-E5FC400050A1}.Release|x86.ActiveCfg = Release|Any CPU
		{E9C6D969-E091-443F-BB8E-E5FC400050A1}.Release|x86.Build.0 = Release|Any CPU
		{D5FE77AB-072E-F116-4339-4C29571063A7}.Debug|Any CPU.ActiveCfg = Debug|Any CPU
		{D5FE77AB-072E-F116-4339-4C29571063A7}.Debug|Any CPU.Build.0 = Debug|Any CPU
		{D5FE77AB-072E-F116-4339-4C29571063A7}.Debug|x64.ActiveCfg = Debug|Any CPU
		{D5FE77AB-072E-F116-4339-4C29571063A7}.Debug|x64.Build.0 = Debug|Any CPU
		{D5FE77AB-072E-F116-4339-4C29571063A7}.Debug|x86.ActiveCfg = Debug|Any CPU
		{D5FE77AB-072E-F116-4339-4C29571063A7}.Debug|x86.Build.0 = Debug|Any CPU
		{D5FE77AB-072E-F116-4339-4C29571063A7}.Release|Any CPU.ActiveCfg = Release|Any CPU
		{D5FE77AB-072E-F116-4339-4C29571063A7}.Release|Any CPU.Build.0 = Release|Any CPU
		{D5FE77AB-072E-F116-4339-4C29571063A7}.Release|x64.ActiveCfg = Release|Any CPU
		{D5FE77AB-072E-F116-4339-4C29571063A7}.Release|x64.Build.0 = Release|Any CPU
		{D5FE77AB-072E-F116-4339-4C29571063A7}.Release|x86.ActiveCfg = Release|Any CPU
		{D5FE77AB-072E-F116-4339-4C29571063A7}.Release|x86.Build.0 = Release|Any CPU
		{2F0B44AA-FC48-3B0C-090A-5E37504DD69B}.Debug|Any CPU.ActiveCfg = Debug|Any CPU
		{2F0B44AA-FC48-3B0C-090A-5E37504DD69B}.Debug|Any CPU.Build.0 = Debug|Any CPU
		{2F0B44AA-FC48-3B0C-090A-5E37504DD69B}.Debug|x64.ActiveCfg = Debug|Any CPU
		{2F0B44AA-FC48-3B0C-090A-5E37504DD69B}.Debug|x64.Build.0 = Debug|Any CPU
		{2F0B44AA-FC48-3B0C-090A-5E37504DD69B}.Debug|x86.ActiveCfg = Debug|Any CPU
		{2F0B44AA-FC48-3B0C-090A-5E37504DD69B}.Debug|x86.Build.0 = Debug|Any CPU
		{2F0B44AA-FC48-3B0C-090A-5E37504DD69B}.Release|Any CPU.ActiveCfg = Release|Any CPU
		{2F0B44AA-FC48-3B0C-090A-5E37504DD69B}.Release|Any CPU.Build.0 = Release|Any CPU
		{2F0B44AA-FC48-3B0C-090A-5E37504DD69B}.Release|x64.ActiveCfg = Release|Any CPU
		{2F0B44AA-FC48-3B0C-090A-5E37504DD69B}.Release|x64.Build.0 = Release|Any CPU
		{2F0B44AA-FC48-3B0C-090A-5E37504DD69B}.Release|x86.ActiveCfg = Release|Any CPU
		{2F0B44AA-FC48-3B0C-090A-5E37504DD69B}.Release|x86.Build.0 = Release|Any CPU
		{C6BFD47D-7A99-46A3-A1CF-7EA951373AE5}.Debug|Any CPU.ActiveCfg = Debug|Any CPU
		{C6BFD47D-7A99-46A3-A1CF-7EA951373AE5}.Debug|Any CPU.Build.0 = Debug|Any CPU
		{C6BFD47D-7A99-46A3-A1CF-7EA951373AE5}.Debug|x64.ActiveCfg = Debug|Any CPU
		{C6BFD47D-7A99-46A3-A1CF-7EA951373AE5}.Debug|x64.Build.0 = Debug|Any CPU
		{C6BFD47D-7A99-46A3-A1CF-7EA951373AE5}.Debug|x86.ActiveCfg = Debug|Any CPU
		{C6BFD47D-7A99-46A3-A1CF-7EA951373AE5}.Debug|x86.Build.0 = Debug|Any CPU
		{C6BFD47D-7A99-46A3-A1CF-7EA951373AE5}.Release|Any CPU.ActiveCfg = Release|Any CPU
		{C6BFD47D-7A99-46A3-A1CF-7EA951373AE5}.Release|Any CPU.Build.0 = Release|Any CPU
		{C6BFD47D-7A99-46A3-A1CF-7EA951373AE5}.Release|x64.ActiveCfg = Release|Any CPU
		{C6BFD47D-7A99-46A3-A1CF-7EA951373AE5}.Release|x64.Build.0 = Release|Any CPU
		{C6BFD47D-7A99-46A3-A1CF-7EA951373AE5}.Release|x86.ActiveCfg = Release|Any CPU
		{C6BFD47D-7A99-46A3-A1CF-7EA951373AE5}.Release|x86.Build.0 = Release|Any CPU
		{605CDF2B-481B-83CF-4DA6-C6A419D11AF6}.Debug|Any CPU.ActiveCfg = Debug|Any CPU
		{605CDF2B-481B-83CF-4DA6-C6A419D11AF6}.Debug|Any CPU.Build.0 = Debug|Any CPU
		{605CDF2B-481B-83CF-4DA6-C6A419D11AF6}.Debug|x64.ActiveCfg = Debug|Any CPU
		{605CDF2B-481B-83CF-4DA6-C6A419D11AF6}.Debug|x64.Build.0 = Debug|Any CPU
		{605CDF2B-481B-83CF-4DA6-C6A419D11AF6}.Debug|x86.ActiveCfg = Debug|Any CPU
		{605CDF2B-481B-83CF-4DA6-C6A419D11AF6}.Debug|x86.Build.0 = Debug|Any CPU
		{605CDF2B-481B-83CF-4DA6-C6A419D11AF6}.Release|Any CPU.ActiveCfg = Release|Any CPU
		{605CDF2B-481B-83CF-4DA6-C6A419D11AF6}.Release|Any CPU.Build.0 = Release|Any CPU
		{605CDF2B-481B-83CF-4DA6-C6A419D11AF6}.Release|x64.ActiveCfg = Release|Any CPU
		{605CDF2B-481B-83CF-4DA6-C6A419D11AF6}.Release|x64.Build.0 = Release|Any CPU
		{605CDF2B-481B-83CF-4DA6-C6A419D11AF6}.Release|x86.ActiveCfg = Release|Any CPU
		{605CDF2B-481B-83CF-4DA6-C6A419D11AF6}.Release|x86.Build.0 = Release|Any CPU
	EndGlobalSection
	GlobalSection(SolutionProperties) = preSolution
		HideSolutionNode = FALSE
	EndGlobalSection
	GlobalSection(ExtensibilityGlobals) = postSolution
		SolutionGuid = {29D1F1D9-0603-4A12-8323-F0E6D0B5CE9E}
	EndGlobalSection
EndGlobal
