
Microsoft Visual Studio Solution File, Format Version 12.00
# Visual Studio Version 17
VisualStudioVersion = 17.3.32825.248
MinimumVisualStudioVersion = 10.0.40219.1
Project("{FAE04EC0-301F-11D3-BF4B-00C04F79EFBC}") = "ToDoWebApi", "ToDoWebApi\ToDoWebApi.csproj", "{528300A9-DF04-4BC0-8461-094E646587F9}"
EndProject
Global
	GlobalSection(SolutionConfigurationPlatforms) = preSolution
		Debug|Any CPU = Debug|Any CPU
		Release|Any CPU = Release|Any CPU
	EndGlobalSection
	GlobalSection(ProjectConfigurationPlatforms) = postSolution
		{528300A9-DF04-4BC0-8461-094E646587F9}.Debug|Any CPU.ActiveCfg = Debug|Any CPU
		{528300A9-DF04-4BC0-8461-094E646587F9}.Debug|Any CPU.Build.0 = Debug|Any CPU
		{528300A9-DF04-4BC0-8461-094E646587F9}.Release|Any CPU.ActiveCfg = Release|Any CPU
		{528300A9-DF04-4BC0-8461-094E646587F9}.Release|Any CPU.Build.0 = Release|Any CPU
	EndGlobalSection
	GlobalSection(SolutionProperties) = preSolution
		HideSolutionNode = FALSE
	EndGlobalSection
	GlobalSection(ExtensibilityGlobals) = postSolution
		SolutionGuid = {1DF7EDA9-5AD9-4CDE-8056-A62549C36C52}
	EndGlobalSection
EndGlobal
