
Microsoft Visual Studio Solution File, Format Version 12.00
# Visual Studio Version 17
VisualStudioVersion = 17.3.32825.248
MinimumVisualStudioVersion = 10.0.40219.1
Project("{FAE04EC0-301F-11D3-BF4B-00C04F79EFBC}") = "OpenSilverTypeScriptJsUrl.Browser", "OpenSilverTypeScriptJsUrl.Browser\OpenSilverTypeScriptJsUrl.Browser.csproj", "{54EE5C3E-20FA-4387-A327-362D737E25D4}"
EndProject
Project("{FAE04EC0-301F-11D3-BF4B-00C04F79EFBC}") = "OpenSilverTypeScriptJsUrl", "OpenSilverTypeScriptJsUrl\OpenSilverTypeScriptJsUrl.csproj", "{F120803A-0075-47AD-A782-37B0B0F5C77D}"
EndProject
Project("{FAE04EC0-301F-11D3-BF4B-00C04F79EFBC}") = "OpenSilverTypeScriptJsUrl.Simulator", "OpenSilverTypeScriptJsUrl.Simulator\OpenSilverTypeScriptJsUrl.Simulator.csproj", "{2213D1DE-1943-4A5C-BC0A-BB968B14261B}"
EndProject
Global
	GlobalSection(SolutionConfigurationPlatforms) = preSolution
		Debug|Any CPU = Debug|Any CPU
		Release|Any CPU = Release|Any CPU
	EndGlobalSection
	GlobalSection(ProjectConfigurationPlatforms) = postSolution
		{54EE5C3E-20FA-4387-A327-362D737E25D4}.Debug|Any CPU.ActiveCfg = Debug|Any CPU
		{54EE5C3E-20FA-4387-A327-362D737E25D4}.Debug|Any CPU.Build.0 = Debug|Any CPU
		{54EE5C3E-20FA-4387-A327-362D737E25D4}.Release|Any CPU.ActiveCfg = Release|Any CPU
		{54EE5C3E-20FA-4387-A327-362D737E25D4}.Release|Any CPU.Build.0 = Release|Any CPU
		{F120803A-0075-47AD-A782-37B0B0F5C77D}.Debug|Any CPU.ActiveCfg = Debug|Any CPU
		{F120803A-0075-47AD-A782-37B0B0F5C77D}.Debug|Any CPU.Build.0 = Debug|Any CPU
		{F120803A-0075-47AD-A782-37B0B0F5C77D}.Release|Any CPU.ActiveCfg = Release|Any CPU
		{F120803A-0075-47AD-A782-37B0B0F5C77D}.Release|Any CPU.Build.0 = Release|Any CPU
		{2213D1DE-1943-4A5C-BC0A-BB968B14261B}.Debug|Any CPU.ActiveCfg = Debug|Any CPU
		{2213D1DE-1943-4A5C-BC0A-BB968B14261B}.Debug|Any CPU.Build.0 = Debug|Any CPU
		{2213D1DE-1943-4A5C-BC0A-BB968B14261B}.Release|Any CPU.ActiveCfg = Release|Any CPU
		{2213D1DE-1943-4A5C-BC0A-BB968B14261B}.Release|Any CPU.Build.0 = Release|Any CPU
	EndGlobalSection
	GlobalSection(SolutionProperties) = preSolution
		HideSolutionNode = FALSE
	EndGlobalSection
	GlobalSection(ExtensibilityGlobals) = postSolution
		SolutionGuid = {31FB4B65-9D11-4C8B-BE5A-1993B5E023B8}
	EndGlobalSection
EndGlobal
