
Microsoft Visual Studio Solution File, Format Version 12.00
# Visual Studio Version 17
VisualStudioVersion = 17.5.33530.505
MinimumVisualStudioVersion = 10.0.40219.1
Project("{FAE04EC0-301F-11D3-BF4B-00C04F79EFBC}") = "OpenSilverAppVB.Browser", "OpenSilverAppVB.Browser\OpenSilverAppVB.Browser.csproj", "{EF1E4155-B16A-43EA-AAA8-0406754DADF9}"
EndProject
Project("{F184B08F-C81C-45F6-A57F-5ABD9991F28F}") = "OpenSilverAppVB", "OpenSilverAppVB\OpenSilverAppVB.vbproj", "{6E890049-4C30-47EC-A99B-B5D0FDB8FCB1}"
EndProject
Project("{FAE04EC0-301F-11D3-BF4B-00C04F79EFBC}") = "OpenSilverAppVB.Simulator", "OpenSilverAppVB.Simulator\OpenSilverAppVB.Simulator.csproj", "{A414D627-8803-4885-B4F8-B3E225D513BC}"
EndProject
Project("{F184B08F-C81C-45F6-A57F-5ABD9991F28F}") = "WcfService", "WcfService\WcfService.vbproj", "{B1018B13-69F9-4FA6-BFDA-3B1B476089CE}"
EndProject
Project("{FAE04EC0-301F-11D3-BF4B-00C04F79EFBC}") = "OpenSilverServiceProxy", "OpenSilverServiceProxy\OpenSilverServiceProxy.csproj", "{0C057FA6-752B-4033-ABE8-0DF7B98EBB46}"
EndProject
Global
	GlobalSection(SolutionConfigurationPlatforms) = preSolution
		Debug|Any CPU = Debug|Any CPU
		Release|Any CPU = Release|Any CPU
	EndGlobalSection
	GlobalSection(ProjectConfigurationPlatforms) = postSolution
		{EF1E4155-B16A-43EA-AAA8-0406754DADF9}.Debug|Any CPU.ActiveCfg = Debug|Any CPU
		{EF1E4155-B16A-43EA-AAA8-0406754DADF9}.Debug|Any CPU.Build.0 = Debug|Any CPU
		{EF1E4155-B16A-43EA-AAA8-0406754DADF9}.Release|Any CPU.ActiveCfg = Release|Any CPU
		{EF1E4155-B16A-43EA-AAA8-0406754DADF9}.Release|Any CPU.Build.0 = Release|Any CPU
		{6E890049-4C30-47EC-A99B-B5D0FDB8FCB1}.Debug|Any CPU.ActiveCfg = Debug|Any CPU
		{6E890049-4C30-47EC-A99B-B5D0FDB8FCB1}.Debug|Any CPU.Build.0 = Debug|Any CPU
		{6E890049-4C30-47EC-A99B-B5D0FDB8FCB1}.Release|Any CPU.ActiveCfg = Release|Any CPU
		{6E890049-4C30-47EC-A99B-B5D0FDB8FCB1}.Release|Any CPU.Build.0 = Release|Any CPU
		{A414D627-8803-4885-B4F8-B3E225D513BC}.Debug|Any CPU.ActiveCfg = Debug|Any CPU
		{A414D627-8803-4885-B4F8-B3E225D513BC}.Debug|Any CPU.Build.0 = Debug|Any CPU
		{A414D627-8803-4885-B4F8-B3E225D513BC}.Release|Any CPU.ActiveCfg = Release|Any CPU
		{A414D627-8803-4885-B4F8-B3E225D513BC}.Release|Any CPU.Build.0 = Release|Any CPU
		{B1018B13-69F9-4FA6-BFDA-3B1B476089CE}.Debug|Any CPU.ActiveCfg = Debug|Any CPU
		{B1018B13-69F9-4FA6-BFDA-3B1B476089CE}.Debug|Any CPU.Build.0 = Debug|Any CPU
		{B1018B13-69F9-4FA6-BFDA-3B1B476089CE}.Release|Any CPU.ActiveCfg = Release|Any CPU
		{B1018B13-69F9-4FA6-BFDA-3B1B476089CE}.Release|Any CPU.Build.0 = Release|Any CPU
		{0C057FA6-752B-4033-ABE8-0DF7B98EBB46}.Debug|Any CPU.ActiveCfg = Debug|Any CPU
		{0C057FA6-752B-4033-ABE8-0DF7B98EBB46}.Debug|Any CPU.Build.0 = Debug|Any CPU
		{0C057FA6-752B-4033-ABE8-0DF7B98EBB46}.Release|Any CPU.ActiveCfg = Release|Any CPU
		{0C057FA6-752B-4033-ABE8-0DF7B98EBB46}.Release|Any CPU.Build.0 = Release|Any CPU
	EndGlobalSection
	GlobalSection(SolutionProperties) = preSolution
		HideSolutionNode = FALSE
	EndGlobalSection
	GlobalSection(ExtensibilityGlobals) = postSolution
		SolutionGuid = {68B8C365-E68A-4D9D-A231-19C33F6AB0E2}
	EndGlobalSection
EndGlobal
