
Microsoft Visual Studio Solution File, Format Version 12.00
# Visual Studio Version 17
VisualStudioVersion = 17.7.34221.43
MinimumVisualStudioVersion = 10.0.40219.1
Project("{FAE04EC0-301F-11D3-BF4B-00C04F79EFBC}") = "OpenSilverBusinessApplicationDemo", "OpenSilverBusinessApplicationDemo\OpenSilverBusinessApplicationDemo.csproj", "{928B236A-47E3-4B7C-92B3-0505BF3A2276}"
EndProject
Project("{FAE04EC0-301F-11D3-BF4B-00C04F79EFBC}") = "OpenSilverBusinessApplicationDemo.Browser", "OpenSilverBusinessApplicationDemo.Browser\OpenSilverBusinessApplicationDemo.Browser.csproj", "{493FC4A0-D3B2-4CD7-B3FF-CAF5AA82BBAF}"
EndProject
Project("{FAE04EC0-301F-11D3-BF4B-00C04F79EFBC}") = "OpenSilverBusinessApplicationDemo.Simulator", "OpenSilverBusinessApplicationDemo.Simulator\OpenSilverBusinessApplicationDemo.Simulator.csproj", "{0539B0D0-FD32-4025-849D-17D707897ACE}"
EndProject
Project("{FAE04EC0-301F-11D3-BF4B-00C04F79EFBC}") = "OpenSilverBusinessApplicationDemo.Web", "OpenSilverBusinessApplicationDemo.Web\OpenSilverBusinessApplicationDemo.Web.csproj", "{A8AA986C-4AEF-489F-86EC-19029369765E}"
EndProject
Global
	GlobalSection(SolutionConfigurationPlatforms) = preSolution
		Debug|Any CPU = Debug|Any CPU
		Release|Any CPU = Release|Any CPU
	EndGlobalSection
	GlobalSection(ProjectConfigurationPlatforms) = postSolution
		{928B236A-47E3-4B7C-92B3-0505BF3A2276}.Debug|Any CPU.ActiveCfg = Debug|Any CPU
		{928B236A-47E3-4B7C-92B3-0505BF3A2276}.Debug|Any CPU.Build.0 = Debug|Any CPU
		{928B236A-47E3-4B7C-92B3-0505BF3A2276}.Release|Any CPU.ActiveCfg = Release|Any CPU
		{928B236A-47E3-4B7C-92B3-0505BF3A2276}.Release|Any CPU.Build.0 = Release|Any CPU
		{493FC4A0-D3B2-4CD7-B3FF-CAF5AA82BBAF}.Debug|Any CPU.ActiveCfg = Debug|Any CPU
		{493FC4A0-D3B2-4CD7-B3FF-CAF5AA82BBAF}.Debug|Any CPU.Build.0 = Debug|Any CPU
		{493FC4A0-D3B2-4CD7-B3FF-CAF5AA82BBAF}.Release|Any CPU.ActiveCfg = Release|Any CPU
		{493FC4A0-D3B2-4CD7-B3FF-CAF5AA82BBAF}.Release|Any CPU.Build.0 = Release|Any CPU
		{0539B0D0-FD32-4025-849D-17D707897ACE}.Debug|Any CPU.ActiveCfg = Debug|Any CPU
		{0539B0D0-FD32-4025-849D-17D707897ACE}.Debug|Any CPU.Build.0 = Debug|Any CPU
		{0539B0D0-FD32-4025-849D-17D707897ACE}.Release|Any CPU.ActiveCfg = Release|Any CPU
		{0539B0D0-FD32-4025-849D-17D707897ACE}.Release|Any CPU.Build.0 = Release|Any CPU
		{A8AA986C-4AEF-489F-86EC-19029369765E}.Debug|Any CPU.ActiveCfg = Debug|Any CPU
		{A8AA986C-4AEF-489F-86EC-19029369765E}.Debug|Any CPU.Build.0 = Debug|Any CPU
		{A8AA986C-4AEF-489F-86EC-19029369765E}.Release|Any CPU.ActiveCfg = Release|Any CPU
		{A8AA986C-4AEF-489F-86EC-19029369765E}.Release|Any CPU.Build.0 = Release|Any CPU
	EndGlobalSection
	GlobalSection(SolutionProperties) = preSolution
		HideSolutionNode = FALSE
	EndGlobalSection
	GlobalSection(ExtensibilityGlobals) = postSolution
		SolutionGuid = {D15816AF-0BBB-422C-B520-F24DDB994F5A}
	EndGlobalSection
EndGlobal
