
Microsoft Visual Studio Solution File, Format Version 12.00
# Visual Studio Version 17
VisualStudioVersion = 17.5.33530.505
MinimumVisualStudioVersion = 10.0.40219.1
Project("{FAE04EC0-301F-11D3-BF4B-00C04F79EFBC}") = "OpenSilverForMac.Browser", "OpenSilverForMac.Browser\OpenSilverForMac.Browser.csproj", "{0BADF75E-9F67-4D46-BA58-B5EF63089324}"
EndProject
Project("{FAE04EC0-301F-11D3-BF4B-00C04F79EFBC}") = "OpenSilverForMac", "OpenSilverForMac\OpenSilverForMac.csproj", "{7A6091FF-F395-40B2-BF8D-9F3A7A736A1D}"
EndProject
Global
	GlobalSection(SolutionConfigurationPlatforms) = preSolution
		Debug|Any CPU = Debug|Any CPU
		Release|Any CPU = Release|Any CPU
	EndGlobalSection
	GlobalSection(ProjectConfigurationPlatforms) = postSolution
		{0BADF75E-9F67-4D46-BA58-B5EF63089324}.Debug|Any CPU.ActiveCfg = Debug|Any CPU
		{0BADF75E-9F67-4D46-BA58-B5EF63089324}.Debug|Any CPU.Build.0 = Debug|Any CPU
		{0BADF75E-9F67-4D46-BA58-B5EF63089324}.Release|Any CPU.ActiveCfg = Release|Any CPU
		{0BADF75E-9F67-4D46-BA58-B5EF63089324}.Release|Any CPU.Build.0 = Release|Any CPU
		{7A6091FF-F395-40B2-BF8D-9F3A7A736A1D}.Debug|Any CPU.ActiveCfg = Debug|Any CPU
		{7A6091FF-F395-40B2-BF8D-9F3A7A736A1D}.Debug|Any CPU.Build.0 = Debug|Any CPU
		{7A6091FF-F395-40B2-BF8D-9F3A7A736A1D}.Release|Any CPU.ActiveCfg = Release|Any CPU
		{7A6091FF-F395-40B2-BF8D-9F3A7A736A1D}.Release|Any CPU.Build.0 = Release|Any CPU
	EndGlobalSection
	GlobalSection(SolutionProperties) = preSolution
		HideSolutionNode = FALSE
	EndGlobalSection
	GlobalSection(ExtensibilityGlobals) = postSolution
		SolutionGuid = {0C89A62F-33FD-4AE2-B9DC-5BFA521DF938}
	EndGlobalSection
EndGlobal
