
Microsoft Visual Studio Solution File, Format Version 12.00
# Visual Studio Version 17
VisualStudioVersion = 17.3.32825.248
MinimumVisualStudioVersion = 10.0.40219.1
Project("{FAE04EC0-301F-11D3-BF4B-00C04F79EFBC}") = "OpenSilverWcfConsumer.Browser", "OpenSilverWcfConsumer\OpenSilverWcfConsumer.Browser\OpenSilverWcfConsumer.Browser.csproj", "{1E35C8D0-B8B1-4E48-9073-29764141B020}"
EndProject
Project("{FAE04EC0-301F-11D3-BF4B-00C04F79EFBC}") = "OpenSilverWcfConsumer", "OpenSilverWcfConsumer\OpenSilverWcfConsumer\OpenSilverWcfConsumer.csproj", "{6B43E6B9-41F9-40E0-BD6E-8617F36370E0}"
EndProject
Project("{FAE04EC0-301F-11D3-BF4B-00C04F79EFBC}") = "OpenSilverWcfConsumer.Simulator", "OpenSilverWcfConsumer\OpenSilverWcfConsumer.Simulator\OpenSilverWcfConsumer.Simulator.csproj", "{BF1E063C-2F00-4602-B1CA-0D71B6975443}"
EndProject
Global
	GlobalSection(SolutionConfigurationPlatforms) = preSolution
		Debug|Any CPU = Debug|Any CPU
		Release|Any CPU = Release|Any CPU
	EndGlobalSection
	GlobalSection(ProjectConfigurationPlatforms) = postSolution
		{1E35C8D0-B8B1-4E48-9073-29764141B020}.Debug|Any CPU.ActiveCfg = Debug|Any CPU
		{1E35C8D0-B8B1-4E48-9073-29764141B020}.Debug|Any CPU.Build.0 = Debug|Any CPU
		{1E35C8D0-B8B1-4E48-9073-29764141B020}.Release|Any CPU.ActiveCfg = Release|Any CPU
		{1E35C8D0-B8B1-4E48-9073-29764141B020}.Release|Any CPU.Build.0 = Release|Any CPU
		{6B43E6B9-41F9-40E0-BD6E-8617F36370E0}.Debug|Any CPU.ActiveCfg = Debug|Any CPU
		{6B43E6B9-41F9-40E0-BD6E-8617F36370E0}.Debug|Any CPU.Build.0 = Debug|Any CPU
		{6B43E6B9-41F9-40E0-BD6E-8617F36370E0}.Release|Any CPU.ActiveCfg = Release|Any CPU
		{6B43E6B9-41F9-40E0-BD6E-8617F36370E0}.Release|Any CPU.Build.0 = Release|Any CPU
		{BF1E063C-2F00-4602-B1CA-0D71B6975443}.Debug|Any CPU.ActiveCfg = Debug|Any CPU
		{BF1E063C-2F00-4602-B1CA-0D71B6975443}.Debug|Any CPU.Build.0 = Debug|Any CPU
		{BF1E063C-2F00-4602-B1CA-0D71B6975443}.Release|Any CPU.ActiveCfg = Release|Any CPU
		{BF1E063C-2F00-4602-B1CA-0D71B6975443}.Release|Any CPU.Build.0 = Release|Any CPU
	EndGlobalSection
	GlobalSection(SolutionProperties) = preSolution
		HideSolutionNode = FALSE
	EndGlobalSection
	GlobalSection(ExtensibilityGlobals) = postSolution
		SolutionGuid = {9843F92F-61F2-44B8-9B9C-869820BA1930}
	EndGlobalSection
EndGlobal
